// !$*UTF8*$!
{
	archiveVersion = 1;
	classes = {
	};
	objectVersion = 51;
	objects = {

/* Begin PBXBuildFile section */
		724D1739266F9A8900617241 /* AppDelegate.swift in Sources */ = {isa = PBXBuildFile; fileRef = 724D1738266F9A8900617241 /* AppDelegate.swift */; };
		724D173B266F9A8900617241 /* SceneDelegate.swift in Sources */ = {isa = PBXBuildFile; fileRef = 724D173A266F9A8900617241 /* SceneDelegate.swift */; };
		724D173D266F9A8900617241 /* MainViewController.swift in Sources */ = {isa = PBXBuildFile; fileRef = 724D173C266F9A8900617241 /* MainViewController.swift */; };
		724D1742266F9A8A00617241 /* Assets.xcassets in Resources */ = {isa = PBXBuildFile; fileRef = 724D1741266F9A8A00617241 /* Assets.xcassets */; };
		724D1745266F9A8A00617241 /* LaunchScreen.storyboard in Resources */ = {isa = PBXBuildFile; fileRef = 724D1743266F9A8A00617241 /* LaunchScreen.storyboard */; };
		728017E0268721BE00328F62 /* PhotosCollectionViewController.swift in Sources */ = {isa = PBXBuildFile; fileRef = 728017DF268721BE00328F62 /* PhotosCollectionViewController.swift */; };
		72802C1826873B8300328F62 /* CustomStrings.swift in Sources */ = {isa = PBXBuildFile; fileRef = 72802C1726873B8300328F62 /* CustomStrings.swift */; };
		72802C1A26873F3700328F62 /* MainContentView.swift in Sources */ = {isa = PBXBuildFile; fileRef = 72802C1926873F3700328F62 /* MainContentView.swift */; };
		728FF0C4268C73050042A057 /* UICollectionViewCellTests.swift in Sources */ = {isa = PBXBuildFile; fileRef = 728FF0C3268C73050042A057 /* UICollectionViewCellTests.swift */; };
		728FF0C6268C74240042A057 /* UICollectionView.swift in Sources */ = {isa = PBXBuildFile; fileRef = 728FF0C5268C74240042A057 /* UICollectionView.swift */; };
		728FF0C8268C78730042A057 /* UICollectionViewTests.swift in Sources */ = {isa = PBXBuildFile; fileRef = 728FF0C7268C78730042A057 /* UICollectionViewTests.swift */; };
		72913B30268A2B8C0079A4A5 /* UICollectionViewCell.swift in Sources */ = {isa = PBXBuildFile; fileRef = 72913B2F268A2B8C0079A4A5 /* UICollectionViewCell.swift */; };
		72913B32268A2CDA0079A4A5 /* PhotosCollectionContentView.swift in Sources */ = {isa = PBXBuildFile; fileRef = 72913B31268A2CDA0079A4A5 /* PhotosCollectionContentView.swift */; };
		72939C02268CAE56008C48C4 /* PhotosCollectionViewModelTests.swift in Sources */ = {isa = PBXBuildFile; fileRef = 72939C01268CAE56008C48C4 /* PhotosCollectionViewModelTests.swift */; };
		7293E7432689BC0D0016AFF2 /* PhotosCollectionViewCell.swift in Sources */ = {isa = PBXBuildFile; fileRef = 7293E7422689BC0D0016AFF2 /* PhotosCollectionViewCell.swift */; };
		7298A9DF2693509400115991 /* MainViewModel.swift in Sources */ = {isa = PBXBuildFile; fileRef = 7298A9DE2693509400115991 /* MainViewModel.swift */; };
		729E6CCF268AFFFB00F29617 /* PhotosCollectionViewModel.swift in Sources */ = {isa = PBXBuildFile; fileRef = 729E6CCE268AFFFB00F29617 /* PhotosCollectionViewModel.swift */; };
		AF449C89575BC08E75E37AEF /* Pods_RxSwiftApp.framework in Frameworks */ = {isa = PBXBuildFile; fileRef = 5574F898E5D7DD1D55AFF7F7 /* Pods_RxSwiftApp.framework */; };
/* End PBXBuildFile section */

/* Begin PBXContainerItemProxy section */
		728FF0BC268C72940042A057 /* PBXContainerItemProxy */ = {
			isa = PBXContainerItemProxy;
			containerPortal = 724D172D266F9A8900617241 /* Project object */;
			proxyType = 1;
			remoteGlobalIDString = 724D1734266F9A8900617241;
			remoteInfo = RxSwiftApp;
		};
/* End PBXContainerItemProxy section */

/* Begin PBXFileReference section */
		1171959CEE3639B775AB9F61 /* Pods-RxSwiftApp.debug.xcconfig */ = {isa = PBXFileReference; includeInIndex = 1; lastKnownFileType = text.xcconfig; name = "Pods-RxSwiftApp.debug.xcconfig"; path = "Target Support Files/Pods-RxSwiftApp/Pods-RxSwiftApp.debug.xcconfig"; sourceTree = "<group>"; };
		35A5DD3829ADECC2F7957476 /* Pods-RxSwiftAppTests.debug.xcconfig */ = {isa = PBXFileReference; includeInIndex = 1; lastKnownFileType = text.xcconfig; name = "Pods-RxSwiftAppTests.debug.xcconfig"; path = "Target Support Files/Pods-RxSwiftAppTests/Pods-RxSwiftAppTests.debug.xcconfig"; sourceTree = "<group>"; };
		5574F898E5D7DD1D55AFF7F7 /* Pods_RxSwiftApp.framework */ = {isa = PBXFileReference; explicitFileType = wrapper.framework; includeInIndex = 0; path = Pods_RxSwiftApp.framework; sourceTree = BUILT_PRODUCTS_DIR; };
		5E05F34B4FBA251E6B26CFD3 /* Pods-RxSwiftApp-RxSwiftAppUITests.debug.xcconfig */ = {isa = PBXFileReference; includeInIndex = 1; lastKnownFileType = text.xcconfig; name = "Pods-RxSwiftApp-RxSwiftAppUITests.debug.xcconfig"; path = "Target Support Files/Pods-RxSwiftApp-RxSwiftAppUITests/Pods-RxSwiftApp-RxSwiftAppUITests.debug.xcconfig"; sourceTree = "<group>"; };
		6482FB7751EF3BAFE7ECA150 /* Pods_RxSwiftApp_RxSwiftAppUITests.framework */ = {isa = PBXFileReference; explicitFileType = wrapper.framework; includeInIndex = 0; path = Pods_RxSwiftApp_RxSwiftAppUITests.framework; sourceTree = BUILT_PRODUCTS_DIR; };
		724D1735266F9A8900617241 /* RxSwiftApp.app */ = {isa = PBXFileReference; explicitFileType = wrapper.application; includeInIndex = 0; path = RxSwiftApp.app; sourceTree = BUILT_PRODUCTS_DIR; };
		724D1738266F9A8900617241 /* AppDelegate.swift */ = {isa = PBXFileReference; lastKnownFileType = sourcecode.swift; path = AppDelegate.swift; sourceTree = "<group>"; };
		724D173A266F9A8900617241 /* SceneDelegate.swift */ = {isa = PBXFileReference; lastKnownFileType = sourcecode.swift; path = SceneDelegate.swift; sourceTree = "<group>"; };
		724D173C266F9A8900617241 /* MainViewController.swift */ = {isa = PBXFileReference; lastKnownFileType = sourcecode.swift; path = MainViewController.swift; sourceTree = "<group>"; };
		724D1741266F9A8A00617241 /* Assets.xcassets */ = {isa = PBXFileReference; lastKnownFileType = folder.assetcatalog; path = Assets.xcassets; sourceTree = "<group>"; };
		724D1744266F9A8A00617241 /* Base */ = {isa = PBXFileReference; lastKnownFileType = file.storyboard; name = Base; path = Base.lproj/LaunchScreen.storyboard; sourceTree = "<group>"; };
		724D1746266F9A8A00617241 /* Info.plist */ = {isa = PBXFileReference; lastKnownFileType = text.plist.xml; path = Info.plist; sourceTree = "<group>"; };
		724D1768266F9BD900617241 /* MyPlaygroundBlack.playground */ = {isa = PBXFileReference; lastKnownFileType = file.playground; path = MyPlaygroundBlack.playground; sourceTree = "<group>"; xcLanguageSpecificationIdentifier = xcode.lang.swift; };
		728017DF268721BE00328F62 /* PhotosCollectionViewController.swift */ = {isa = PBXFileReference; lastKnownFileType = sourcecode.swift; path = PhotosCollectionViewController.swift; sourceTree = "<group>"; };
		72802C1726873B8300328F62 /* CustomStrings.swift */ = {isa = PBXFileReference; lastKnownFileType = sourcecode.swift; path = CustomStrings.swift; sourceTree = "<group>"; };
		72802C1926873F3700328F62 /* MainContentView.swift */ = {isa = PBXFileReference; lastKnownFileType = sourcecode.swift; path = MainContentView.swift; sourceTree = "<group>"; };
		728FF0B7268C72930042A057 /* RxSwiftAppTests.xctest */ = {isa = PBXFileReference; explicitFileType = wrapper.cfbundle; includeInIndex = 0; path = RxSwiftAppTests.xctest; sourceTree = BUILT_PRODUCTS_DIR; };
		728FF0BB268C72940042A057 /* Info.plist */ = {isa = PBXFileReference; lastKnownFileType = text.plist.xml; path = Info.plist; sourceTree = "<group>"; };
		728FF0C3268C73050042A057 /* UICollectionViewCellTests.swift */ = {isa = PBXFileReference; lastKnownFileType = sourcecode.swift; path = UICollectionViewCellTests.swift; sourceTree = "<group>"; };
		728FF0C5268C74240042A057 /* UICollectionView.swift */ = {isa = PBXFileReference; lastKnownFileType = sourcecode.swift; path = UICollectionView.swift; sourceTree = "<group>"; };
		728FF0C7268C78730042A057 /* UICollectionViewTests.swift */ = {isa = PBXFileReference; lastKnownFileType = sourcecode.swift; path = UICollectionViewTests.swift; sourceTree = "<group>"; };
		72913B2F268A2B8C0079A4A5 /* UICollectionViewCell.swift */ = {isa = PBXFileReference; lastKnownFileType = sourcecode.swift; path = UICollectionViewCell.swift; sourceTree = "<group>"; };
		72913B31268A2CDA0079A4A5 /* PhotosCollectionContentView.swift */ = {isa = PBXFileReference; lastKnownFileType = sourcecode.swift; path = PhotosCollectionContentView.swift; sourceTree = "<group>"; };
		72939C01268CAE56008C48C4 /* PhotosCollectionViewModelTests.swift */ = {isa = PBXFileReference; lastKnownFileType = sourcecode.swift; path = PhotosCollectionViewModelTests.swift; sourceTree = "<group>"; };
		7293E7422689BC0D0016AFF2 /* PhotosCollectionViewCell.swift */ = {isa = PBXFileReference; lastKnownFileType = sourcecode.swift; path = PhotosCollectionViewCell.swift; sourceTree = "<group>"; };
		7298A9DE2693509400115991 /* MainViewModel.swift */ = {isa = PBXFileReference; lastKnownFileType = sourcecode.swift; path = MainViewModel.swift; sourceTree = "<group>"; };
		729E6CCE268AFFFB00F29617 /* PhotosCollectionViewModel.swift */ = {isa = PBXFileReference; lastKnownFileType = sourcecode.swift; path = PhotosCollectionViewModel.swift; sourceTree = "<group>"; };
		77D5DEDBD7171E68C99EC1B7 /* Pods-RxSwiftAppTests.release.xcconfig */ = {isa = PBXFileReference; includeInIndex = 1; lastKnownFileType = text.xcconfig; name = "Pods-RxSwiftAppTests.release.xcconfig"; path = "Target Support Files/Pods-RxSwiftAppTests/Pods-RxSwiftAppTests.release.xcconfig"; sourceTree = "<group>"; };
		C55BECD32EFF6B69CDBD8A86 /* Pods-RxSwiftApp.release.xcconfig */ = {isa = PBXFileReference; includeInIndex = 1; lastKnownFileType = text.xcconfig; name = "Pods-RxSwiftApp.release.xcconfig"; path = "Target Support Files/Pods-RxSwiftApp/Pods-RxSwiftApp.release.xcconfig"; sourceTree = "<group>"; };
		DD13FB561F91103DC8882463 /* Pods_RxSwiftAppTests.framework */ = {isa = PBXFileReference; explicitFileType = wrapper.framework; includeInIndex = 0; path = Pods_RxSwiftAppTests.framework; sourceTree = BUILT_PRODUCTS_DIR; };
		EE1770E4A81B6D5578E4B330 /* Pods-RxSwiftApp-RxSwiftAppUITests.release.xcconfig */ = {isa = PBXFileReference; includeInIndex = 1; lastKnownFileType = text.xcconfig; name = "Pods-RxSwiftApp-RxSwiftAppUITests.release.xcconfig"; path = "Target Support Files/Pods-RxSwiftApp-RxSwiftAppUITests/Pods-RxSwiftApp-RxSwiftAppUITests.release.xcconfig"; sourceTree = "<group>"; };
/* End PBXFileReference section */

/* Begin PBXFrameworksBuildPhase section */
		724D1732266F9A8900617241 /* Frameworks */ = {
			isa = PBXFrameworksBuildPhase;
			buildActionMask = 2147483647;
			files = (
				AF449C89575BC08E75E37AEF /* Pods_RxSwiftApp.framework in Frameworks */,
			);
			runOnlyForDeploymentPostprocessing = 0;
		};
		728FF0B4268C72930042A057 /* Frameworks */ = {
			isa = PBXFrameworksBuildPhase;
			buildActionMask = 2147483647;
			files = (
			);
			runOnlyForDeploymentPostprocessing = 0;
		};
/* End PBXFrameworksBuildPhase section */

/* Begin PBXGroup section */
		10844D32EB1BA81BC0BF2250 /* Frameworks */ = {
			isa = PBXGroup;
			children = (
				5574F898E5D7DD1D55AFF7F7 /* Pods_RxSwiftApp.framework */,
				6482FB7751EF3BAFE7ECA150 /* Pods_RxSwiftApp_RxSwiftAppUITests.framework */,
				DD13FB561F91103DC8882463 /* Pods_RxSwiftAppTests.framework */,
			);
			name = Frameworks;
			sourceTree = "<group>";
		};
		724D172C266F9A8900617241 = {
			isa = PBXGroup;
			children = (
				724D1737266F9A8900617241 /* RxSwiftApp */,
				728FF0B8268C72930042A057 /* RxSwiftAppTests */,
				724D1736266F9A8900617241 /* Products */,
				96C2D4ACEF631F550BEC0A4A /* Pods */,
				10844D32EB1BA81BC0BF2250 /* Frameworks */,
			);
			sourceTree = "<group>";
		};
		724D1736266F9A8900617241 /* Products */ = {
			isa = PBXGroup;
			children = (
				724D1735266F9A8900617241 /* RxSwiftApp.app */,
				728FF0B7268C72930042A057 /* RxSwiftAppTests.xctest */,
			);
			name = Products;
			sourceTree = "<group>";
		};
		724D1737266F9A8900617241 /* RxSwiftApp */ = {
			isa = PBXGroup;
			children = (
				728FF0AC268C6A240042A057 /* Modules */,
				72913B2E268A2B6C0079A4A5 /* Extensions */,
			);
			path = RxSwiftApp;
			sourceTree = "<group>";
		};
		728017E126872E8F00328F62 /* Main */ = {
			isa = PBXGroup;
			children = (
				7298A9DD26934FDC00115991 /* ViewModel */,
				7298A9DC26934FB900115991 /* View */,
				7298A9DB26934FA600115991 /* ViewController */,
			);
			path = Main;
			sourceTree = "<group>";
		};
		728017E226872E9B00328F62 /* Photos */ = {
			isa = PBXGroup;
			children = (
				729E6CCD268AFFE400F29617 /* ViewModel */,
				729E6CCC268AFFD200F29617 /* ViewController */,
				729E6CCB268AFC6700F29617 /* View */,
			);
			path = Photos;
			sourceTree = "<group>";
		};
		728FF0AC268C6A240042A057 /* Modules */ = {
			isa = PBXGroup;
			children = (
				728017E226872E9B00328F62 /* Photos */,
				728017E126872E8F00328F62 /* Main */,
				724D1768266F9BD900617241 /* MyPlaygroundBlack.playground */,
				724D1738266F9A8900617241 /* AppDelegate.swift */,
				724D173A266F9A8900617241 /* SceneDelegate.swift */,
				724D1741266F9A8A00617241 /* Assets.xcassets */,
				724D1743266F9A8A00617241 /* LaunchScreen.storyboard */,
				724D1746266F9A8A00617241 /* Info.plist */,
				72802C1726873B8300328F62 /* CustomStrings.swift */,
			);
			path = Modules;
			sourceTree = "<group>";
		};
		728FF0B8268C72930042A057 /* RxSwiftAppTests */ = {
			isa = PBXGroup;
			children = (
				7298A9DA269311DE00115991 /* Mocks */,
				728FF0C2268C72B70042A057 /* Modules */,
				728FF0C1268C72AB0042A057 /* Extensions */,
				728FF0BB268C72940042A057 /* Info.plist */,
			);
			path = RxSwiftAppTests;
			sourceTree = "<group>";
		};
		728FF0C1268C72AB0042A057 /* Extensions */ = {
			isa = PBXGroup;
			children = (
				728FF0C3268C73050042A057 /* UICollectionViewCellTests.swift */,
				728FF0C7268C78730042A057 /* UICollectionViewTests.swift */,
			);
			path = Extensions;
			sourceTree = "<group>";
		};
		728FF0C2268C72B70042A057 /* Modules */ = {
			isa = PBXGroup;
			children = (
				72939C01268CAE56008C48C4 /* PhotosCollectionViewModelTests.swift */,
			);
			path = Modules;
			sourceTree = "<group>";
		};
		72913B2E268A2B6C0079A4A5 /* Extensions */ = {
			isa = PBXGroup;
			children = (
				72913B2F268A2B8C0079A4A5 /* UICollectionViewCell.swift */,
				728FF0C5268C74240042A057 /* UICollectionView.swift */,
			);
			path = Extensions;
			sourceTree = "<group>";
		};
		7298A9DA269311DE00115991 /* Mocks */ = {
			isa = PBXGroup;
			children = (
			);
			path = Mocks;
			sourceTree = "<group>";
		};
		7298A9DB26934FA600115991 /* ViewController */ = {
			isa = PBXGroup;
			children = (
				724D173C266F9A8900617241 /* MainViewController.swift */,
			);
			path = ViewController;
			sourceTree = "<group>";
		};
		7298A9DC26934FB900115991 /* View */ = {
			isa = PBXGroup;
			children = (
				72802C1926873F3700328F62 /* MainContentView.swift */,
			);
			path = View;
			sourceTree = "<group>";
		};
		7298A9DD26934FDC00115991 /* ViewModel */ = {
			isa = PBXGroup;
			children = (
				7298A9DE2693509400115991 /* MainViewModel.swift */,
			);
			path = ViewModel;
			sourceTree = "<group>";
		};
		729E6CCB268AFC6700F29617 /* View */ = {
			isa = PBXGroup;
			children = (
				7293E7422689BC0D0016AFF2 /* PhotosCollectionViewCell.swift */,
				72913B31268A2CDA0079A4A5 /* PhotosCollectionContentView.swift */,
			);
			path = View;
			sourceTree = "<group>";
		};
		729E6CCC268AFFD200F29617 /* ViewController */ = {
			isa = PBXGroup;
			children = (
				728017DF268721BE00328F62 /* PhotosCollectionViewController.swift */,
			);
			path = ViewController;
			sourceTree = "<group>";
		};
		729E6CCD268AFFE400F29617 /* ViewModel */ = {
			isa = PBXGroup;
			children = (
				729E6CCE268AFFFB00F29617 /* PhotosCollectionViewModel.swift */,
			);
			path = ViewModel;
			sourceTree = "<group>";
		};
		96C2D4ACEF631F550BEC0A4A /* Pods */ = {
			isa = PBXGroup;
			children = (
				1171959CEE3639B775AB9F61 /* Pods-RxSwiftApp.debug.xcconfig */,
				C55BECD32EFF6B69CDBD8A86 /* Pods-RxSwiftApp.release.xcconfig */,
				5E05F34B4FBA251E6B26CFD3 /* Pods-RxSwiftApp-RxSwiftAppUITests.debug.xcconfig */,
				EE1770E4A81B6D5578E4B330 /* Pods-RxSwiftApp-RxSwiftAppUITests.release.xcconfig */,
				35A5DD3829ADECC2F7957476 /* Pods-RxSwiftAppTests.debug.xcconfig */,
				77D5DEDBD7171E68C99EC1B7 /* Pods-RxSwiftAppTests.release.xcconfig */,
			);
			path = Pods;
			sourceTree = "<group>";
		};
/* End PBXGroup section */

/* Begin PBXNativeTarget section */
		724D1734266F9A8900617241 /* RxSwiftApp */ = {
			isa = PBXNativeTarget;
			buildConfigurationList = 724D175F266F9A8A00617241 /* Build configuration list for PBXNativeTarget "RxSwiftApp" */;
			buildPhases = (
				FD8C4579CA2F52C2A1B75C08 /* [CP] Check Pods Manifest.lock */,
				724D1731266F9A8900617241 /* Sources */,
				724D1732266F9A8900617241 /* Frameworks */,
				724D1733266F9A8900617241 /* Resources */,
				62D50C54AB46CEE0DCF2B70E /* [CP] Embed Pods Frameworks */,
			);
			buildRules = (
			);
			dependencies = (
			);
			name = RxSwiftApp;
			productName = RxSwiftApp;
			productReference = 724D1735266F9A8900617241 /* RxSwiftApp.app */;
			productType = "com.apple.product-type.application";
		};
		728FF0B6268C72930042A057 /* RxSwiftAppTests */ = {
			isa = PBXNativeTarget;
			buildConfigurationList = 728FF0BE268C72940042A057 /* Build configuration list for PBXNativeTarget "RxSwiftAppTests" */;
			buildPhases = (
				728FF0B3268C72930042A057 /* Sources */,
				728FF0B4268C72930042A057 /* Frameworks */,
				728FF0B5268C72930042A057 /* Resources */,
			);
			buildRules = (
			);
			dependencies = (
				728FF0BD268C72940042A057 /* PBXTargetDependency */,
			);
			name = RxSwiftAppTests;
			productName = RxSwiftAppTests;
			productReference = 728FF0B7268C72930042A057 /* RxSwiftAppTests.xctest */;
			productType = "com.apple.product-type.bundle.unit-test";
		};
/* End PBXNativeTarget section */

/* Begin PBXProject section */
		724D172D266F9A8900617241 /* Project object */ = {
			isa = PBXProject;
			attributes = {
				LastSwiftUpdateCheck = 1250;
				LastUpgradeCheck = 1250;
				TargetAttributes = {
					724D1734266F9A8900617241 = {
						CreatedOnToolsVersion = 12.5;
					};
					728FF0B6268C72930042A057 = {
						CreatedOnToolsVersion = 12.5;
						LastSwiftMigration = 1250;
						TestTargetID = 724D1734266F9A8900617241;
					};
				};
			};
			buildConfigurationList = 724D1730266F9A8900617241 /* Build configuration list for PBXProject "RxSwiftApp" */;
			compatibilityVersion = "Xcode 9.3";
			developmentRegion = en;
			hasScannedForEncodings = 0;
			knownRegions = (
				en,
				Base,
			);
			mainGroup = 724D172C266F9A8900617241;
			productRefGroup = 724D1736266F9A8900617241 /* Products */;
			projectDirPath = "";
			projectRoot = "";
			targets = (
				724D1734266F9A8900617241 /* RxSwiftApp */,
				728FF0B6268C72930042A057 /* RxSwiftAppTests */,
			);
		};
/* End PBXProject section */

/* Begin PBXResourcesBuildPhase section */
		724D1733266F9A8900617241 /* Resources */ = {
			isa = PBXResourcesBuildPhase;
			buildActionMask = 2147483647;
			files = (
				724D1745266F9A8A00617241 /* LaunchScreen.storyboard in Resources */,
				724D1742266F9A8A00617241 /* Assets.xcassets in Resources */,
			);
			runOnlyForDeploymentPostprocessing = 0;
		};
		728FF0B5268C72930042A057 /* Resources */ = {
			isa = PBXResourcesBuildPhase;
			buildActionMask = 2147483647;
			files = (
			);
			runOnlyForDeploymentPostprocessing = 0;
		};
/* End PBXResourcesBuildPhase section */

/* Begin PBXShellScriptBuildPhase section */
		62D50C54AB46CEE0DCF2B70E /* [CP] Embed Pods Frameworks */ = {
			isa = PBXShellScriptBuildPhase;
			buildActionMask = 2147483647;
			files = (
			);
			inputFileListPaths = (
				"${PODS_ROOT}/Target Support Files/Pods-RxSwiftApp/Pods-RxSwiftApp-frameworks-${CONFIGURATION}-input-files.xcfilelist",
			);
			name = "[CP] Embed Pods Frameworks";
			outputFileListPaths = (
				"${PODS_ROOT}/Target Support Files/Pods-RxSwiftApp/Pods-RxSwiftApp-frameworks-${CONFIGURATION}-output-files.xcfilelist",
			);
			runOnlyForDeploymentPostprocessing = 0;
			shellPath = /bin/sh;
			shellScript = "\"${PODS_ROOT}/Target Support Files/Pods-RxSwiftApp/Pods-RxSwiftApp-frameworks.sh\"\n";
			showEnvVarsInLog = 0;
		};
		FD8C4579CA2F52C2A1B75C08 /* [CP] Check Pods Manifest.lock */ = {
			isa = PBXShellScriptBuildPhase;
			buildActionMask = 2147483647;
			files = (
			);
			inputFileListPaths = (
			);
			inputPaths = (
				"${PODS_PODFILE_DIR_PATH}/Podfile.lock",
				"${PODS_ROOT}/Manifest.lock",
			);
			name = "[CP] Check Pods Manifest.lock";
			outputFileListPaths = (
			);
			outputPaths = (
				"$(DERIVED_FILE_DIR)/Pods-RxSwiftApp-checkManifestLockResult.txt",
			);
			runOnlyForDeploymentPostprocessing = 0;
			shellPath = /bin/sh;
			shellScript = "diff \"${PODS_PODFILE_DIR_PATH}/Podfile.lock\" \"${PODS_ROOT}/Manifest.lock\" > /dev/null\nif [ $? != 0 ] ; then\n    # print error to STDERR\n    echo \"error: The sandbox is not in sync with the Podfile.lock. Run 'pod install' or update your CocoaPods installation.\" >&2\n    exit 1\nfi\n# This output is used by Xcode 'outputs' to avoid re-running this script phase.\necho \"SUCCESS\" > \"${SCRIPT_OUTPUT_FILE_0}\"\n";
			showEnvVarsInLog = 0;
		};
/* End PBXShellScriptBuildPhase section */

/* Begin PBXSourcesBuildPhase section */
		724D1731266F9A8900617241 /* Sources */ = {
			isa = PBXSourcesBuildPhase;
			buildActionMask = 2147483647;
			files = (
				72913B32268A2CDA0079A4A5 /* PhotosCollectionContentView.swift in Sources */,
				724D173D266F9A8900617241 /* MainViewController.swift in Sources */,
				7293E7432689BC0D0016AFF2 /* PhotosCollectionViewCell.swift in Sources */,
				724D1739266F9A8900617241 /* AppDelegate.swift in Sources */,
				724D173B266F9A8900617241 /* SceneDelegate.swift in Sources */,
				72913B30268A2B8C0079A4A5 /* UICollectionViewCell.swift in Sources */,
				72802C1826873B8300328F62 /* CustomStrings.swift in Sources */,
				728017E0268721BE00328F62 /* PhotosCollectionViewController.swift in Sources */,
				72802C1A26873F3700328F62 /* MainContentView.swift in Sources */,
				728FF0C6268C74240042A057 /* UICollectionView.swift in Sources */,
				729E6CCF268AFFFB00F29617 /* PhotosCollectionViewModel.swift in Sources */,
				7298A9DF2693509400115991 /* MainViewModel.swift in Sources */,
			);
			runOnlyForDeploymentPostprocessing = 0;
		};
		728FF0B3268C72930042A057 /* Sources */ = {
			isa = PBXSourcesBuildPhase;
			buildActionMask = 2147483647;
			files = (
				72939C02268CAE56008C48C4 /* PhotosCollectionViewModelTests.swift in Sources */,
				728FF0C8268C78730042A057 /* UICollectionViewTests.swift in Sources */,
				728FF0C4268C73050042A057 /* UICollectionViewCellTests.swift in Sources */,
			);
			runOnlyForDeploymentPostprocessing = 0;
		};
/* End PBXSourcesBuildPhase section */

/* Begin PBXTargetDependency section */
		728FF0BD268C72940042A057 /* PBXTargetDependency */ = {
			isa = PBXTargetDependency;
			target = 724D1734266F9A8900617241 /* RxSwiftApp */;
			targetProxy = 728FF0BC268C72940042A057 /* PBXContainerItemProxy */;
		};
/* End PBXTargetDependency section */

/* Begin PBXVariantGroup section */
		724D1743266F9A8A00617241 /* LaunchScreen.storyboard */ = {
			isa = PBXVariantGroup;
			children = (
				724D1744266F9A8A00617241 /* Base */,
			);
			name = LaunchScreen.storyboard;
			sourceTree = "<group>";
		};
/* End PBXVariantGroup section */

/* Begin XCBuildConfiguration section */
		724D175D266F9A8A00617241 /* Debug */ = {
			isa = XCBuildConfiguration;
			buildSettings = {
				ALWAYS_SEARCH_USER_PATHS = NO;
				CLANG_ANALYZER_NONNULL = YES;
				CLANG_ANALYZER_NUMBER_OBJECT_CONVERSION = YES_AGGRESSIVE;
				CLANG_CXX_LANGUAGE_STANDARD = "gnu++14";
				CLANG_CXX_LIBRARY = "libc++";
				CLANG_ENABLE_MODULES = YES;
				CLANG_ENABLE_OBJC_ARC = YES;
				CLANG_ENABLE_OBJC_WEAK = YES;
				CLANG_WARN_BLOCK_CAPTURE_AUTORELEASING = YES;
				CLANG_WARN_BOOL_CONVERSION = YES;
				CLANG_WARN_COMMA = YES;
				CLANG_WARN_CONSTANT_CONVERSION = YES;
				CLANG_WARN_DEPRECATED_OBJC_IMPLEMENTATIONS = YES;
				CLANG_WARN_DIRECT_OBJC_ISA_USAGE = YES_ERROR;
				CLANG_WARN_DOCUMENTATION_COMMENTS = YES;
				CLANG_WARN_EMPTY_BODY = YES;
				CLANG_WARN_ENUM_CONVERSION = YES;
				CLANG_WARN_INFINITE_RECURSION = YES;
				CLANG_WARN_INT_CONVERSION = YES;
				CLANG_WARN_NON_LITERAL_NULL_CONVERSION = YES;
				CLANG_WARN_OBJC_IMPLICIT_RETAIN_SELF = YES;
				CLANG_WARN_OBJC_LITERAL_CONVERSION = YES;
				CLANG_WARN_OBJC_ROOT_CLASS = YES_ERROR;
				CLANG_WARN_QUOTED_INCLUDE_IN_FRAMEWORK_HEADER = YES;
				CLANG_WARN_RANGE_LOOP_ANALYSIS = YES;
				CLANG_WARN_STRICT_PROTOTYPES = YES;
				CLANG_WARN_SUSPICIOUS_MOVE = YES;
				CLANG_WARN_UNGUARDED_AVAILABILITY = YES_AGGRESSIVE;
				CLANG_WARN_UNREACHABLE_CODE = YES;
				CLANG_WARN__DUPLICATE_METHOD_MATCH = YES;
				COPY_PHASE_STRIP = NO;
				DEBUG_INFORMATION_FORMAT = dwarf;
				ENABLE_STRICT_OBJC_MSGSEND = YES;
				ENABLE_TESTABILITY = YES;
				GCC_C_LANGUAGE_STANDARD = gnu11;
				GCC_DYNAMIC_NO_PIC = NO;
				GCC_NO_COMMON_BLOCKS = YES;
				GCC_OPTIMIZATION_LEVEL = 0;
				GCC_PREPROCESSOR_DEFINITIONS = (
					"DEBUG=1",
					"$(inherited)",
				);
				GCC_WARN_64_TO_32_BIT_CONVERSION = YES;
				GCC_WARN_ABOUT_RETURN_TYPE = YES_ERROR;
				GCC_WARN_UNDECLARED_SELECTOR = YES;
				GCC_WARN_UNINITIALIZED_AUTOS = YES_AGGRESSIVE;
				GCC_WARN_UNUSED_FUNCTION = YES;
				GCC_WARN_UNUSED_VARIABLE = YES;
				IPHONEOS_DEPLOYMENT_TARGET = 14.5;
				MTL_ENABLE_DEBUG_INFO = INCLUDE_SOURCE;
				MTL_FAST_MATH = YES;
				ONLY_ACTIVE_ARCH = YES;
				SDKROOT = iphoneos;
				SWIFT_ACTIVE_COMPILATION_CONDITIONS = DEBUG;
				SWIFT_OPTIMIZATION_LEVEL = "-Onone";
			};
			name = Debug;
		};
		724D175E266F9A8A00617241 /* Release */ = {
			isa = XCBuildConfiguration;
			buildSettings = {
				ALWAYS_SEARCH_USER_PATHS = NO;
				CLANG_ANALYZER_NONNULL = YES;
				CLANG_ANALYZER_NUMBER_OBJECT_CONVERSION = YES_AGGRESSIVE;
				CLANG_CXX_LANGUAGE_STANDARD = "gnu++14";
				CLANG_CXX_LIBRARY = "libc++";
				CLANG_ENABLE_MODULES = YES;
				CLANG_ENABLE_OBJC_ARC = YES;
				CLANG_ENABLE_OBJC_WEAK = YES;
				CLANG_WARN_BLOCK_CAPTURE_AUTORELEASING = YES;
				CLANG_WARN_BOOL_CONVERSION = YES;
				CLANG_WARN_COMMA = YES;
				CLANG_WARN_CONSTANT_CONVERSION = YES;
				CLANG_WARN_DEPRECATED_OBJC_IMPLEMENTATIONS = YES;
				CLANG_WARN_DIRECT_OBJC_ISA_USAGE = YES_ERROR;
				CLANG_WARN_DOCUMENTATION_COMMENTS = YES;
				CLANG_WARN_EMPTY_BODY = YES;
				CLANG_WARN_ENUM_CONVERSION = YES;
				CLANG_WARN_INFINITE_RECURSION = YES;
				CLANG_WARN_INT_CONVERSION = YES;
				CLANG_WARN_NON_LITERAL_NULL_CONVERSION = YES;
				CLANG_WARN_OBJC_IMPLICIT_RETAIN_SELF = YES;
				CLANG_WARN_OBJC_LITERAL_CONVERSION = YES;
				CLANG_WARN_OBJC_ROOT_CLASS = YES_ERROR;
				CLANG_WARN_QUOTED_INCLUDE_IN_FRAMEWORK_HEADER = YES;
				CLANG_WARN_RANGE_LOOP_ANALYSIS = YES;
				CLANG_WARN_STRICT_PROTOTYPES = YES;
				CLANG_WARN_SUSPICIOUS_MOVE = YES;
				CLANG_WARN_UNGUARDED_AVAILABILITY = YES_AGGRESSIVE;
				CLANG_WARN_UNREACHABLE_CODE = YES;
				CLANG_WARN__DUPLICATE_METHOD_MATCH = YES;
				COPY_PHASE_STRIP = NO;
				DEBUG_INFORMATION_FORMAT = "dwarf-with-dsym";
				ENABLE_NS_ASSERTIONS = NO;
				ENABLE_STRICT_OBJC_MSGSEND = YES;
				GCC_C_LANGUAGE_STANDARD = gnu11;
				GCC_NO_COMMON_BLOCKS = YES;
				GCC_WARN_64_TO_32_BIT_CONVERSION = YES;
				GCC_WARN_ABOUT_RETURN_TYPE = YES_ERROR;
				GCC_WARN_UNDECLARED_SELECTOR = YES;
				GCC_WARN_UNINITIALIZED_AUTOS = YES_AGGRESSIVE;
				GCC_WARN_UNUSED_FUNCTION = YES;
				GCC_WARN_UNUSED_VARIABLE = YES;
				IPHONEOS_DEPLOYMENT_TARGET = 14.5;
				MTL_ENABLE_DEBUG_INFO = NO;
				MTL_FAST_MATH = YES;
				SDKROOT = iphoneos;
				SWIFT_COMPILATION_MODE = wholemodule;
				SWIFT_OPTIMIZATION_LEVEL = "-O";
				VALIDATE_PRODUCT = YES;
			};
			name = Release;
		};
		724D1760266F9A8A00617241 /* Debug */ = {
			isa = XCBuildConfiguration;
			baseConfigurationReference = 1171959CEE3639B775AB9F61 /* Pods-RxSwiftApp.debug.xcconfig */;
			buildSettings = {
				ASSETCATALOG_COMPILER_APPICON_NAME = AppIcon;
				ASSETCATALOG_COMPILER_GLOBAL_ACCENT_COLOR_NAME = AccentColor;
				CODE_SIGN_STYLE = Automatic;
				DEVELOPMENT_TEAM = WJ7R3MDXSW;
				INFOPLIST_FILE = "$(SRCROOT)/RxSwiftApp/Modules/Info.plist";
				LD_RUNPATH_SEARCH_PATHS = (
					"$(inherited)",
					"@executable_path/Frameworks",
				);
				PRODUCT_BUNDLE_IDENTIFIER = com.miltenkot.RxSwiftApp;
				PRODUCT_NAME = "$(TARGET_NAME)";
				SWIFT_VERSION = 5.0;
				TARGETED_DEVICE_FAMILY = "1,2";
			};
			name = Debug;
		};
		724D1761266F9A8A00617241 /* Release */ = {
			isa = XCBuildConfiguration;
			baseConfigurationReference = C55BECD32EFF6B69CDBD8A86 /* Pods-RxSwiftApp.release.xcconfig */;
			buildSettings = {
				ASSETCATALOG_COMPILER_APPICON_NAME = AppIcon;
				ASSETCATALOG_COMPILER_GLOBAL_ACCENT_COLOR_NAME = AccentColor;
				CODE_SIGN_STYLE = Automatic;
				DEVELOPMENT_TEAM = WJ7R3MDXSW;
				INFOPLIST_FILE = "$(SRCROOT)/RxSwiftApp/Modules/Info.plist";
				LD_RUNPATH_SEARCH_PATHS = (
					"$(inherited)",
					"@executable_path/Frameworks",
				);
				PRODUCT_BUNDLE_IDENTIFIER = com.miltenkot.RxSwiftApp;
				PRODUCT_NAME = "$(TARGET_NAME)";
				SWIFT_VERSION = 5.0;
				TARGETED_DEVICE_FAMILY = "1,2";
			};
			name = Release;
		};
		728FF0BF268C72940042A057 /* Debug */ = {
			isa = XCBuildConfiguration;
			buildSettings = {
				BUNDLE_LOADER = "$(TEST_HOST)";
				CLANG_ENABLE_MODULES = YES;
				CODE_SIGN_STYLE = Automatic;
				DEVELOPMENT_TEAM = WJ7R3MDXSW;
				INFOPLIST_FILE = RxSwiftAppTests/Info.plist;
				LD_RUNPATH_SEARCH_PATHS = (
					"$(inherited)",
					"@executable_path/Frameworks",
					"@loader_path/Frameworks",
				);
				PRODUCT_BUNDLE_IDENTIFIER = com.miltenkot.RxSwiftAppTests;
				PRODUCT_NAME = "$(TARGET_NAME)";
				SWIFT_OPTIMIZATION_LEVEL = "-Onone";
				SWIFT_VERSION = 5.0;
				TARGETED_DEVICE_FAMILY = "1,2";
				TEST_HOST = "$(BUILT_PRODUCTS_DIR)/RxSwiftApp.app/RxSwiftApp";
			};
			name = Debug;
		};
		728FF0C0268C72940042A057 /* Release */ = {
			isa = XCBuildConfiguration;
			buildSettings = {
				BUNDLE_LOADER = "$(TEST_HOST)";
				CLANG_ENABLE_MODULES = YES;
				CODE_SIGN_STYLE = Automatic;
				DEVELOPMENT_TEAM = WJ7R3MDXSW;
				INFOPLIST_FILE = RxSwiftAppTests/Info.plist;
				LD_RUNPATH_SEARCH_PATHS = (
					"$(inherited)",
					"@executable_path/Frameworks",
					"@loader_path/Frameworks",
				);
				PRODUCT_BUNDLE_IDENTIFIER = com.miltenkot.RxSwiftAppTests;
				PRODUCT_NAME = "$(TARGET_NAME)";
				SWIFT_VERSION = 5.0;
				TARGETED_DEVICE_FAMILY = "1,2";
				TEST_HOST = "$(BUILT_PRODUCTS_DIR)/RxSwiftApp.app/RxSwiftApp";
			};
			name = Release;
		};
/* End XCBuildConfiguration section */

/* Begin XCConfigurationList section */
		724D1730266F9A8900617241 /* Build configuration list for PBXProject "RxSwiftApp" */ = {
			isa = XCConfigurationList;
			buildConfigurations = (
				724D175D266F9A8A00617241 /* Debug */,
				724D175E266F9A8A00617241 /* Release */,
			);
			defaultConfigurationIsVisible = 0;
			defaultConfigurationName = Release;
		};
		724D175F266F9A8A00617241 /* Build configuration list for PBXNativeTarget "RxSwiftApp" */ = {
			isa = XCConfigurationList;
			buildConfigurations = (
				724D1760266F9A8A00617241 /* Debug */,
				724D1761266F9A8A00617241 /* Release */,
			);
			defaultConfigurationIsVisible = 0;
			defaultConfigurationName = Release;
		};
		728FF0BE268C72940042A057 /* Build configuration list for PBXNativeTarget "RxSwiftAppTests" */ = {
			isa = XCConfigurationList;
			buildConfigurations = (
				728FF0BF268C72940042A057 /* Debug */,
				728FF0C0268C72940042A057 /* Release */,
			);
			defaultConfigurationIsVisible = 0;
			defaultConfigurationName = Release;
		};
/* End XCConfigurationList section */
	};
	rootObject = 724D172D266F9A8900617241 /* Project object */;
}
